
Microsoft Visual Studio Solution File, Format Version 12.00
# Visual Studio Version 16
VisualStudioVersion = 16.0.29509.3
MinimumVisualStudioVersion = 10.0.40219.1
Project("{FAE04EC0-301F-11D3-BF4B-00C04F79EFBC}") = "QAAuditApp", "QAAuditApp\QAAuditApp.csproj", "{3F4B6921-7BFD-4166-AB81-0F1FEAB01748}"
EndProject
Project("{FAE04EC0-301F-11D3-BF4B-00C04F79EFBC}") = "QAAuditBusiness", "QAAuditBusiness\QAAuditBusiness.csproj", "{F9242BA1-D81E-4115-A298-02FE818D5CE6}"
EndProject
Project("{E24C65DC-7377-472B-9ABA-BC803B73C61A}") = "QAAuditService", "QAAuditService\", "{04ED7D95-C355-4C4B-BC49-B8EE35D1DD83}"
	ProjectSection(WebsiteProperties) = preProject
		TargetFrameworkMoniker = ".NETFramework,Version%3Dv4.0"
		ProjectReferences = "{f9242ba1-d81e-4115-a298-02fe818d5ce6}|QAAuditBusiness.dll;"
		Debug.AspNetCompiler.VirtualPath = "/localhost_50034"
		Debug.AspNetCompiler.PhysicalPath = "QAAuditService\"
		Debug.AspNetCompiler.TargetPath = "PrecompiledWeb\localhost_50034\"
		Debug.AspNetCompiler.Updateable = "true"
		Debug.AspNetCompiler.ForceOverwrite = "true"
		Debug.AspNetCompiler.FixedNames = "false"
		Debug.AspNetCompiler.Debug = "True"
		Release.AspNetCompiler.VirtualPath = "/localhost_50034"
		Release.AspNetCompiler.PhysicalPath = "QAAuditService\"
		Release.AspNetCompiler.TargetPath = "PrecompiledWeb\localhost_50034\"
		Release.AspNetCompiler.Updateable = "true"
		Release.AspNetCompiler.ForceOverwrite = "true"
		Release.AspNetCompiler.FixedNames = "false"
		Release.AspNetCompiler.Debug = "False"
		VWDPort = "50034"
		SlnRelativePath = "QAAuditService\"
		DefaultWebSiteLanguage = "Visual C#"
	EndProjectSection
EndProject
Global
	GlobalSection(SolutionConfigurationPlatforms) = preSolution
		Debug|Any CPU = Debug|Any CPU
		Release|Any CPU = Release|Any CPU
	EndGlobalSection
	GlobalSection(ProjectConfigurationPlatforms) = postSolution
		{3F4B6921-7BFD-4166-AB81-0F1FEAB01748}.Debug|Any CPU.ActiveCfg = Debug|Any CPU
		{3F4B6921-7BFD-4166-AB81-0F1FEAB01748}.Debug|Any CPU.Build.0 = Debug|Any CPU
		{3F4B6921-7BFD-4166-AB81-0F1FEAB01748}.Release|Any CPU.ActiveCfg = Release|Any CPU
		{3F4B6921-7BFD-4166-AB81-0F1FEAB01748}.Release|Any CPU.Build.0 = Release|Any CPU
		{F9242BA1-D81E-4115-A298-02FE818D5CE6}.Debug|Any CPU.ActiveCfg = Debug|Any CPU
		{F9242BA1-D81E-4115-A298-02FE818D5CE6}.Debug|Any CPU.Build.0 = Debug|Any CPU
		{F9242BA1-D81E-4115-A298-02FE818D5CE6}.Release|Any CPU.ActiveCfg = Release|Any CPU
		{F9242BA1-D81E-4115-A298-02FE818D5CE6}.Release|Any CPU.Build.0 = Release|Any CPU
		{04ED7D95-C355-4C4B-BC49-B8EE35D1DD83}.Debug|Any CPU.ActiveCfg = Debug|Any CPU
		{04ED7D95-C355-4C4B-BC49-B8EE35D1DD83}.Debug|Any CPU.Build.0 = Debug|Any CPU
		{04ED7D95-C355-4C4B-BC49-B8EE35D1DD83}.Release|Any CPU.ActiveCfg = Debug|Any CPU
		{04ED7D95-C355-4C4B-BC49-B8EE35D1DD83}.Release|Any CPU.Build.0 = Debug|Any CPU
	EndGlobalSection
	GlobalSection(SolutionProperties) = preSolution
		HideSolutionNode = FALSE
	EndGlobalSection
	GlobalSection(ExtensibilityGlobals) = postSolution
		SolutionGuid = {12EEFCB2-FF40-4A49-A832-FE188CF630B0}
	EndGlobalSection
EndGlobal
